{
  "nodes": {
    "home-manager": {
      "inputs": {
        "nixpkgs": [
          "nixpkgs"
        ]
      },
      "locked": {
        "lastModified": 1781305496,
        "narHash": "sha256-g8Vv4Qfc7n+lgov97REu3X6BeJtvYY0hlSUZR1GrGQQ=",
        "owner": "nix-community",
        "repo": "home-manager",
        "rev": "c87a39aa979acc4848016d2220c6238390d84779",
        "type": "github"
      },
      "original": {
        "owner": "nix-community",
        "repo": "home-manager",
        "type": "github"
      }
    },
    "home-manager_2": {
      "inputs": {
        "nixpkgs": [
          "zen-browser",
          "nixpkgs"
        ]
      },
      "locked": {
        "lastModified": 1780515920,
        "narHash": "sha256-8KX2hEeOX6KP3hBBJJI8dGWVrzbOOf1rBPmg/GUG24U=",
        "owner": "nix-community",
        "repo": "home-manager",
        "rev": "4c5c1e8ba14f1c7475fa31ff11bc1c19cd220974",
        "type": "github"
      },
      "original": {
        "owner": "nix-community",
        "repo": "home-manager",
        "type": "github"
      }
    },
    "nixpkgs": {
      "locked": {
        "lastModified": 1781074563,
        "narHash": "sha256-md8WlXOlfnIeHeOScMTTHFyf2d6iaTwPl2apR5EQ3P4=",
        "owner": "NixOS",
        "repo": "nixpkgs",
        "rev": "9ae611a455b90cf061d8f332b977e387bda8e1ca",
        "type": "github"
      },
      "original": {
        "id": "nixpkgs",
        "ref": "nixos-unstable",
        "type": "indirect"
      }
    },
    "nixpkgs-patch-brave-origin": {
      "flake": false,
      "locked": {
        "narHash": "sha256-N3M11W/ImHeFEDAdo5r1cZWjJCVf2aG+qAuu5maVdmk=",
        "type": "file",
        "url": "https://github.com/NixOS/nixpkgs/pull/513143.diff"
      },
      "original": {
        "type": "file",
        "url": "https://github.com/NixOS/nixpkgs/pull/513143.diff"
      }
    },
    "nixpkgs-patcher": {
      "locked": {
        "lastModified": 1781225582,
        "narHash": "sha256-A0UMX1I/jMX2HzOMM9Cj/nPd3nxIaQLN5wEScDVn6nQ=",
        "owner": "gepbird",
        "repo": "nixpkgs-patcher",
        "rev": "f53896ddc49c872e6ca3c08e73083637c4377b3f",
        "type": "github"
      },
      "original": {
        "owner": "gepbird",
        "repo": "nixpkgs-patcher",
        "type": "github"
      }
    },
    "noctalia": {
      "inputs": {
        "nixpkgs": [
          "nixpkgs"
        ]
      },
      "locked": {
        "lastModified": 1781299248,
        "narHash": "sha256-droT/PFPI14Rif4u6CODQbGR8yxTsLhcK6mVZdilhIc=",
        "owner": "noctalia-dev",
        "repo": "noctalia-shell",
        "rev": "600e194e502a6eb352fcef35bc90d3e41666d9e0",
        "type": "github"
      },
      "original": {
        "owner": "noctalia-dev",
        "repo": "noctalia-shell",
        "type": "github"
      }
    },
    "root": {
      "inputs": {
        "home-manager": "home-manager",
        "nixpkgs": "nixpkgs",
        "nixpkgs-patch-brave-origin": "nixpkgs-patch-brave-origin",
        "nixpkgs-patcher": "nixpkgs-patcher",
        "noctalia": "noctalia",
        "zen-browser": "zen-browser"
      }
    },
    "zen-browser": {
      "inputs": {
        "home-manager": "home-manager_2",
        "nixpkgs": [
          "nixpkgs"
        ]
      },
      "locked": {
        "lastModified": 1781173532,
        "narHash": "sha256-MwnZpL82aQO1I15JH525vz6REI/OULEAmXDp6cIcgNg=",
        "owner": "0xc000022070",
        "repo": "zen-browser-flake",
        "rev": "f13e82162fae68af7716147207fa5f868f5ca381",
        "type": "github"
      },
      "original": {
        "owner": "0xc000022070",
        "repo": "zen-browser-flake",
        "type": "github"
      }
    }
  },
  "root": "root",
  "version": 7
}
